
Microsoft Visual Studio Solution File, Format Version 11.00
# Visual Studio 2010
Project("{FAE04EC0-301F-11D3-BF4B-00C04F79EFBC}") = "UnityEngine.UI", "UnityEngine.UI.csproj", "{fb89f1be-b8ba-aba0-84ec-e704daae11d7}"
EndProject
Project("{FAE04EC0-301F-11D3-BF4B-00C04F79EFBC}") = "Unity.RenderPipelines.Core.Runtime", "Unity.RenderPipelines.Core.Runtime.csproj", "{e7d73916-bdd3-f260-e4e5-6a2d1c594a04}"
EndProject
Project("{FAE04EC0-301F-11D3-BF4B-00C04F79EFBC}") = "UnityEngine.TestRunner", "UnityEngine.TestRunner.csproj", "{ee18d7e9-3980-13a3-7fcd-b06f51fc9902}"
EndProject
Project("{FAE04EC0-301F-11D3-BF4B-00C04F79EFBC}") = "Unity.VisualScripting.Flow", "Unity.VisualScripting.Flow.csproj", "{1237d66e-5b1a-2b48-d811-bf37ad0397fd}"
EndProject
Project("{FAE04EC0-301F-11D3-BF4B-00C04F79EFBC}") = "Unity.Mathematics", "Unity.Mathematics.csproj", "{0bd31c69-7d2a-882b-a311-b7416503b781}"
EndProject
Project("{FAE04EC0-301F-11D3-BF4B-00C04F79EFBC}") = "Unity.VisualScripting.State", "Unity.VisualScripting.State.csproj", "{05792ffc-8d73-d088-8da6-c03b86db2e26}"
EndProject
Project("{FAE04EC0-301F-11D3-BF4B-00C04F79EFBC}") = "Unity.VisualScripting.Core", "Unity.VisualScripting.Core.csproj", "{cf4049ab-5347-d029-ba67-5b65a5145896}"
EndProject
Project("{FAE04EC0-301F-11D3-BF4B-00C04F79EFBC}") = "Unity.RenderPipelines.Universal.Runtime", "Unity.RenderPipelines.Universal.Runtime.csproj", "{78ff5d0c-9c42-ffcd-052d-854d95385ea2}"
EndProject
Project("{FAE04EC0-301F-11D3-BF4B-00C04F79EFBC}") = "Unity.Burst", "Unity.Burst.csproj", "{aa3d1edc-25f9-533c-9d77-c7acf67140c5}"
EndProject
Project("{FAE04EC0-301F-11D3-BF4B-00C04F79EFBC}") = "Unity.2D.Animation.Runtime", "Unity.2D.Animation.Runtime.csproj", "{5c570d9a-2ea3-57fc-d1af-58c316fb492a}"
EndProject
Project("{FAE04EC0-301F-11D3-BF4B-00C04F79EFBC}") = "Unity.TextMeshPro", "Unity.TextMeshPro.csproj", "{7284b708-e71e-73b6-bf8e-a55722a84af7}"
EndProject
Project("{FAE04EC0-301F-11D3-BF4B-00C04F79EFBC}") = "Unity.Timeline", "Unity.Timeline.csproj", "{340b4339-091f-5ffa-192d-305de3f60e41}"
EndProject
Project("{FAE04EC0-301F-11D3-BF4B-00C04F79EFBC}") = "Unity.RenderPipeline.Universal.ShaderLibrary", "Unity.RenderPipeline.Universal.ShaderLibrary.csproj", "{6c334cdc-6a9e-e277-0b13-39819c6a3e56}"
EndProject
Project("{FAE04EC0-301F-11D3-BF4B-00C04F79EFBC}") = "Unity.2D.SpriteShape.Runtime", "Unity.2D.SpriteShape.Runtime.csproj", "{1ff014d7-e9ff-73a7-cf85-9546d68fb05e}"
EndProject
Project("{FAE04EC0-301F-11D3-BF4B-00C04F79EFBC}") = "Unity.2D.PixelPerfect", "Unity.2D.PixelPerfect.csproj", "{2ada74bb-92cd-b18c-627a-eae5246dc560}"
EndProject
Project("{FAE04EC0-301F-11D3-BF4B-00C04F79EFBC}") = "Unity.InternalAPIEngineBridge.001", "Unity.InternalAPIEngineBridge.001.csproj", "{342b73e4-657e-c3fb-b426-d2550d3906a5}"
EndProject
Project("{FAE04EC0-301F-11D3-BF4B-00C04F79EFBC}") = "Unity.2D.Common.Runtime", "Unity.2D.Common.Runtime.csproj", "{2441346d-8e73-bcc6-e652-b46ced01c687}"
EndProject
Project("{FAE04EC0-301F-11D3-BF4B-00C04F79EFBC}") = "Unity.2D.IK.Runtime", "Unity.2D.IK.Runtime.csproj", "{56eef625-5b2d-42dc-b0a0-ab12bdfb60b3}"
EndProject
Project("{FAE04EC0-301F-11D3-BF4B-00C04F79EFBC}") = "Unity.2D.Tilemap.Extras", "Unity.2D.Tilemap.Extras.csproj", "{6aefdc85-4ade-5452-c4f0-dad47683110c}"
EndProject
Project("{FAE04EC0-301F-11D3-BF4B-00C04F79EFBC}") = "Unity.RenderPipelines.Core.ShaderLibrary", "Unity.RenderPipelines.Core.ShaderLibrary.csproj", "{0c420b07-366e-23b8-a3b5-1537166301f6}"
EndProject
Project("{FAE04EC0-301F-11D3-BF4B-00C04F79EFBC}") = "Unity.RenderPipelines.Universal.Shaders", "Unity.RenderPipelines.Universal.Shaders.csproj", "{51a52ab0-a085-882e-668d-7da086085c77}"
EndProject
Project("{FAE04EC0-301F-11D3-BF4B-00C04F79EFBC}") = "Unity.RenderPipelines.ShaderGraph.ShaderGraphLibrary", "Unity.RenderPipelines.ShaderGraph.ShaderGraphLibrary.csproj", "{e22a118a-7838-84f5-8eef-cfc9c8362ca2}"
EndProject
Project("{FAE04EC0-301F-11D3-BF4B-00C04F79EFBC}") = "Unity.PlasticSCM.Editor", "Unity.PlasticSCM.Editor.csproj", "{6c25babe-002d-57fb-8efb-5a30ec483371}"
EndProject
Project("{FAE04EC0-301F-11D3-BF4B-00C04F79EFBC}") = "Unity.VisualScripting.Core.Editor", "Unity.VisualScripting.Core.Editor.csproj", "{3655b3ca-4719-8be8-c9a0-b1e30c07a19b}"
EndProject
Project("{FAE04EC0-301F-11D3-BF4B-00C04F79EFBC}") = "Unity.VisualScripting.Flow.Editor", "Unity.VisualScripting.Flow.Editor.csproj", "{96128889-0cdb-0c84-2606-e751455cc3b7}"
EndProject
Project("{FAE04EC0-301F-11D3-BF4B-00C04F79EFBC}") = "Unity.ShaderGraph.Editor", "Unity.ShaderGraph.Editor.csproj", "{a67f0381-2c20-f495-6d1d-ec301a9d33fd}"
EndProject
Project("{FAE04EC0-301F-11D3-BF4B-00C04F79EFBC}") = "Unity.VisualStudio.Editor", "Unity.VisualStudio.Editor.csproj", "{77db99e4-d906-3efa-f2fc-f1f001ac4106}"
EndProject
Project("{FAE04EC0-301F-11D3-BF4B-00C04F79EFBC}") = "Unity.Timeline.Editor", "Unity.Timeline.Editor.csproj", "{7f02c532-2749-56f2-458e-500824f3602b}"
EndProject
Project("{FAE04EC0-301F-11D3-BF4B-00C04F79EFBC}") = "Unity.RenderPipelines.Universal.Editor", "Unity.RenderPipelines.Universal.Editor.csproj", "{2bc13ae5-c50b-0843-a15f-60c2bd61d86d}"
EndProject
Project("{FAE04EC0-301F-11D3-BF4B-00C04F79EFBC}") = "Unity.VisualScripting.State.Editor", "Unity.VisualScripting.State.Editor.csproj", "{501c0741-19c3-6cb8-e6d9-95566f7bae4d}"
EndProject
Project("{FAE04EC0-301F-11D3-BF4B-00C04F79EFBC}") = "Unity.TextMeshPro.Editor", "Unity.TextMeshPro.Editor.csproj", "{c483a7cf-4769-5f48-4ca5-a674afffca7d}"
EndProject
Project("{FAE04EC0-301F-11D3-BF4B-00C04F79EFBC}") = "Unity.RenderPipelines.Core.Editor", "Unity.RenderPipelines.Core.Editor.csproj", "{daac5859-184f-fe44-32f2-6945313e416b}"
EndProject
Project("{FAE04EC0-301F-11D3-BF4B-00C04F79EFBC}") = "Unity.2D.Animation.Editor", "Unity.2D.Animation.Editor.csproj", "{437f24ae-89f8-6205-7fa0-5bd3b6c42fdf}"
EndProject
Project("{FAE04EC0-301F-11D3-BF4B-00C04F79EFBC}") = "Unity.VisualScripting.SettingsProvider.Editor", "Unity.VisualScripting.SettingsProvider.Editor.csproj", "{f61336a1-365b-0b9d-b5c1-b2191da1990f}"
EndProject
Project("{FAE04EC0-301F-11D3-BF4B-00C04F79EFBC}") = "Unity.CollabProxy.Editor", "Unity.CollabProxy.Editor.csproj", "{dcb2c691-f439-d013-77d3-59619a5d1e7b}"
EndProject
Project("{FAE04EC0-301F-11D3-BF4B-00C04F79EFBC}") = "UnityEditor.TestRunner", "UnityEditor.TestRunner.csproj", "{9becf038-abde-2cb7-bb9d-f12c18947ac7}"
EndProject
Project("{FAE04EC0-301F-11D3-BF4B-00C04F79EFBC}") = "Unity.2D.Tilemap.Editor", "Unity.2D.Tilemap.Editor.csproj", "{657b785f-c0f8-2c9a-5b74-22e93c51433a}"
EndProject
Project("{FAE04EC0-301F-11D3-BF4B-00C04F79EFBC}") = "Unity.Rider.Editor", "Unity.Rider.Editor.csproj", "{afeb51a3-cad0-9f7a-b82a-684a390d0f77}"
EndProject
Project("{FAE04EC0-301F-11D3-BF4B-00C04F79EFBC}") = "Unity.Services.Core.Editor", "Unity.Services.Core.Editor.csproj", "{cc603894-4eee-efbd-dba1-7e0e0195f227}"
EndProject
Project("{FAE04EC0-301F-11D3-BF4B-00C04F79EFBC}") = "PsdPlugin", "PsdPlugin.csproj", "{d929a46f-9868-7350-59e9-8a05301f4ac0}"
EndProject
Project("{FAE04EC0-301F-11D3-BF4B-00C04F79EFBC}") = "Unity.Searcher.Editor", "Unity.Searcher.Editor.csproj", "{5e00191e-3850-6da0-add8-54709e913951}"
EndProject
Project("{FAE04EC0-301F-11D3-BF4B-00C04F79EFBC}") = "Unity.2D.IK.Editor", "Unity.2D.IK.Editor.csproj", "{63e505aa-6b09-62e5-168a-b36ed6251bc9}"
EndProject
Project("{FAE04EC0-301F-11D3-BF4B-00C04F79EFBC}") = "Unity.2D.Common.Path.Editor", "Unity.2D.Common.Path.Editor.csproj", "{aca47e50-4a9a-47cf-6657-a18bd0ea2149}"
EndProject
Project("{FAE04EC0-301F-11D3-BF4B-00C04F79EFBC}") = "Unity.2D.SpriteShape.Editor", "Unity.2D.SpriteShape.Editor.csproj", "{7d0bd572-d2be-5007-f1d0-7376f24e30b2}"
EndProject
Project("{FAE04EC0-301F-11D3-BF4B-00C04F79EFBC}") = "Unity.2D.Psdimporter.Editor", "Unity.2D.Psdimporter.Editor.csproj", "{32256eed-0118-a6cb-08b4-282019bb77b3}"
EndProject
Project("{FAE04EC0-301F-11D3-BF4B-00C04F79EFBC}") = "Unity.Burst.CodeGen", "Unity.Burst.CodeGen.csproj", "{0f4deb0b-1b7f-71b1-c142-2073375dc371}"
EndProject
Project("{FAE04EC0-301F-11D3-BF4B-00C04F79EFBC}") = "Unity.2D.PixelPerfect.Editor", "Unity.2D.PixelPerfect.Editor.csproj", "{6fd16429-cf64-1fbb-d230-3a5d72dca4ee}"
EndProject
Project("{FAE04EC0-301F-11D3-BF4B-00C04F79EFBC}") = "Unity.VSCode.Editor", "Unity.VSCode.Editor.csproj", "{794743f5-2ffd-78b6-3ebc-d9f3b722fa72}"
EndProject
Project("{FAE04EC0-301F-11D3-BF4B-00C04F79EFBC}") = "Unity.2D.Sprite.Editor", "Unity.2D.Sprite.Editor.csproj", "{021d555a-00eb-c324-4705-a081c810257c}"
EndProject
Project("{FAE04EC0-301F-11D3-BF4B-00C04F79EFBC}") = "UnityEditor.UI", "UnityEditor.UI.csproj", "{a585c92a-d283-475b-fc50-7486c388c289}"
EndProject
Project("{FAE04EC0-301F-11D3-BF4B-00C04F79EFBC}") = "PPv2URPConverters", "PPv2URPConverters.csproj", "{fd4ede06-76d8-2d7c-772f-831e8ef6eae7}"
EndProject
Project("{FAE04EC0-301F-11D3-BF4B-00C04F79EFBC}") = "Unity.2D.Common.Editor", "Unity.2D.Common.Editor.csproj", "{a8a39929-62ec-1c9b-e7f9-607b8c1cd6a0}"
EndProject
Project("{FAE04EC0-301F-11D3-BF4B-00C04F79EFBC}") = "Unity.Mathematics.Editor", "Unity.Mathematics.Editor.csproj", "{6303374f-c051-8fa9-8c77-77e73e103974}"
EndProject
Project("{FAE04EC0-301F-11D3-BF4B-00C04F79EFBC}") = "Unity.2D.Tilemap.Extras.Editor", "Unity.2D.Tilemap.Extras.Editor.csproj", "{38a1353a-57f4-c7c1-e254-5ad82304ebb1}"
EndProject
Project("{FAE04EC0-301F-11D3-BF4B-00C04F79EFBC}") = "Unity.Burst.Editor", "Unity.Burst.Editor.csproj", "{8187c73d-4d2e-b33d-23a1-67efd7f33eb8}"
EndProject
Project("{FAE04EC0-301F-11D3-BF4B-00C04F79EFBC}") = "Unity.InternalAPIEditorBridge.001", "Unity.InternalAPIEditorBridge.001.csproj", "{5ca7cfb5-aa7d-82d3-7463-37f409779837}"
EndProject
Project("{FAE04EC0-301F-11D3-BF4B-00C04F79EFBC}") = "Unity.ShaderGraph.Utilities", "Unity.ShaderGraph.Utilities.csproj", "{53073ccf-2d1f-f1ca-49f8-6e54cd99b5bb}"
EndProject
Project("{FAE04EC0-301F-11D3-BF4B-00C04F79EFBC}") = "Unity.VisualScripting.Shared.Editor", "Unity.VisualScripting.Shared.Editor.csproj", "{1214b468-3806-2e4c-11aa-1cc108da50d4}"
EndProject
Project("{FAE04EC0-301F-11D3-BF4B-00C04F79EFBC}") = "Unity.2D.PixelPerfect.Tests", "Unity.2D.PixelPerfect.Tests.csproj", "{be37e2f6-5b31-d6b6-3472-054b757bc027}"
EndProject
Project("{FAE04EC0-301F-11D3-BF4B-00C04F79EFBC}") = "Unity.Mathematics.Tests", "Unity.Mathematics.Tests.csproj", "{612071d9-6566-4fa2-9c87-da015fa8995d}"
EndProject
Project("{FAE04EC0-301F-11D3-BF4B-00C04F79EFBC}") = "Unity.2D.Sprite.Package.EditorTests", "Unity.2D.Sprite.Package.EditorTests.csproj", "{a640938f-56c5-a108-cabd-0df6317d58a7}"
EndProject
Project("{FAE04EC0-301F-11D3-BF4B-00C04F79EFBC}") = "Unity.Burst.Tests.UnitTests", "Unity.Burst.Tests.UnitTests.csproj", "{83d3ee70-73cd-8ea1-6594-e6e108d16161}"
EndProject
Project("{FAE04EC0-301F-11D3-BF4B-00C04F79EFBC}") = "Unity.PlasticSCM.EditorTests", "Unity.PlasticSCM.EditorTests.csproj", "{1d078931-505e-8d74-16d2-4c735651cd5e}"
EndProject
Project("{FAE04EC0-301F-11D3-BF4B-00C04F79EFBC}") = "Unity.2D.SpriteShape.EditorTests", "Unity.2D.SpriteShape.EditorTests.csproj", "{c391a8ca-039f-fbda-29cc-43ef682b1fb7}"
EndProject
Project("{FAE04EC0-301F-11D3-BF4B-00C04F79EFBC}") = "Unity.2D.Common.EditorTests", "Unity.2D.Common.EditorTests.csproj", "{8d655721-772d-2b3d-f288-4d4e9e75fd48}"
EndProject
Project("{FAE04EC0-301F-11D3-BF4B-00C04F79EFBC}") = "Unity.Searcher.EditorTests", "Unity.Searcher.EditorTests.csproj", "{4cddcca0-9780-1373-4ccd-9c7d0886f226}"
EndProject
Project("{FAE04EC0-301F-11D3-BF4B-00C04F79EFBC}") = "Unity.Burst.Editor.Tests", "Unity.Burst.Editor.Tests.csproj", "{cef57a6a-0178-cc41-36fd-66eaa1e560fa}"
EndProject
Project("{FAE04EC0-301F-11D3-BF4B-00C04F79EFBC}") = "Unity.TextMeshPro.Editor.Tests", "Unity.TextMeshPro.Editor.Tests.csproj", "{4e53996c-b7c2-1a31-a12f-934150528d92}"
EndProject
Project("{FAE04EC0-301F-11D3-BF4B-00C04F79EFBC}") = "DocCodeExamples", "DocCodeExamples.csproj", "{7e73b42b-40b6-7c8b-a859-0dfb9f33fd87}"
EndProject
Project("{FAE04EC0-301F-11D3-BF4B-00C04F79EFBC}") = "Unity.RenderPipelines.Universal.Editor.Tests", "Unity.RenderPipelines.Universal.Editor.Tests.csproj", "{35cbe8a4-009b-b8ee-e6bd-859c20568636}"
EndProject
Project("{FAE04EC0-301F-11D3-BF4B-00C04F79EFBC}") = "Unity.2D.Psdimporter.EditorTests", "Unity.2D.Psdimporter.EditorTests.csproj", "{164727ed-30ee-52d5-8c88-7fe77b987d15}"
EndProject
Project("{FAE04EC0-301F-11D3-BF4B-00C04F79EFBC}") = "Unity.CollabProxy.EditorTests", "Unity.CollabProxy.EditorTests.csproj", "{9c4c2bff-e5ed-7694-78ee-241391a9793f}"
EndProject
Project("{FAE04EC0-301F-11D3-BF4B-00C04F79EFBC}") = "Unity.2D.PixelPerfect.Editor.Tests", "Unity.2D.PixelPerfect.Editor.Tests.csproj", "{128ad168-3e67-c81c-ae4d-38bf3a913836}"
EndProject
Project("{FAE04EC0-301F-11D3-BF4B-00C04F79EFBC}") = "UnityEngine.UI.Tests", "UnityEngine.UI.Tests.csproj", "{0d1420d5-3063-c73c-ecbf-076acc1bac3d}"
EndProject
Project("{FAE04EC0-301F-11D3-BF4B-00C04F79EFBC}") = "Unity.2D.Animation.EditorTests", "Unity.2D.Animation.EditorTests.csproj", "{91ba737e-bf92-51ca-cc62-b8974a357dc2}"
EndProject
Project("{FAE04EC0-301F-11D3-BF4B-00C04F79EFBC}") = "Unity.Nuget.NewtonsoftJson.EditorTests", "Unity.Nuget.NewtonsoftJson.EditorTests.csproj", "{104e5d4f-ae8e-59be-7d44-b8e2383eb431}"
EndProject
Project("{FAE04EC0-301F-11D3-BF4B-00C04F79EFBC}") = "Unity.TextMeshPro.Tests", "Unity.TextMeshPro.Tests.csproj", "{5593d487-1e7a-b6e4-e307-9f6b0ca4b704}"
EndProject
Project("{FAE04EC0-301F-11D3-BF4B-00C04F79EFBC}") = "SeparateAssembly", "SeparateAssembly.csproj", "{02af5bb6-0e90-38e2-f6d0-ebe8272c3301}"
EndProject
Project("{FAE04EC0-301F-11D3-BF4B-00C04F79EFBC}") = "UnityEditor.UI.EditorTests", "UnityEditor.UI.EditorTests.csproj", "{e7954c49-8759-7c19-1015-8049ac5f025b}"
EndProject
Project("{FAE04EC0-301F-11D3-BF4B-00C04F79EFBC}") = "Unity.2D.Tilemap.Package.EditorTests", "Unity.2D.Tilemap.Package.EditorTests.csproj", "{92ffe8f4-4f53-1320-a2dc-cbf21e29afb8}"
EndProject
Project("{FAE04EC0-301F-11D3-BF4B-00C04F79EFBC}") = "Unity.RenderPipelines.Universal.Runtime.Tests", "Unity.RenderPipelines.Universal.Runtime.Tests.csproj", "{8a5bb990-4880-cc9f-de26-5ea3c517b842}"
EndProject
Project("{FAE04EC0-301F-11D3-BF4B-00C04F79EFBC}") = "Unity.RenderPipelines.Core.Editor.Tests", "Unity.RenderPipelines.Core.Editor.Tests.csproj", "{2b7819af-acc1-bf37-eb1e-38571aef3c4f}"
EndProject
Project("{FAE04EC0-301F-11D3-BF4B-00C04F79EFBC}") = "Unity.2D.Tilemap.Extras.Placeholder.EditorTests", "Unity.2D.Tilemap.Extras.Placeholder.EditorTests.csproj", "{464514a5-9c25-5b02-113a-21058a54932b}"
EndProject
Project("{FAE04EC0-301F-11D3-BF4B-00C04F79EFBC}") = "Unity.RenderPipelines.Core.Runtime.Tests", "Unity.RenderPipelines.Core.Runtime.Tests.csproj", "{312539d8-698a-fa2f-4e05-9f8a92c8a5f4}"
EndProject
Project("{FAE04EC0-301F-11D3-BF4B-00C04F79EFBC}") = "Unity.ShaderGraph.Editor.Tests", "Unity.ShaderGraph.Editor.Tests.csproj", "{744f0089-99ae-7f04-bbc4-30005ed50bf8}"
EndProject
Global
	GlobalSection(SolutionConfigurationPlatforms) = preSolution
		Debug|Any CPU = Debug|Any CPU
	EndGlobalSection
	GlobalSection(ProjectConfigurationPlatforms) = postSolution
		{fb89f1be-b8ba-aba0-84ec-e704daae11d7}.Debug|Any CPU.ActiveCfg = Debug|Any CPU
		{fb89f1be-b8ba-aba0-84ec-e704daae11d7}.Debug|Any CPU.Build.0 = Debug|Any CPU
		{e7d73916-bdd3-f260-e4e5-6a2d1c594a04}.Debug|Any CPU.ActiveCfg = Debug|Any CPU
		{e7d73916-bdd3-f260-e4e5-6a2d1c594a04}.Debug|Any CPU.Build.0 = Debug|Any CPU
		{ee18d7e9-3980-13a3-7fcd-b06f51fc9902}.Debug|Any CPU.ActiveCfg = Debug|Any CPU
		{ee18d7e9-3980-13a3-7fcd-b06f51fc9902}.Debug|Any CPU.Build.0 = Debug|Any CPU
		{1237d66e-5b1a-2b48-d811-bf37ad0397fd}.Debug|Any CPU.ActiveCfg = Debug|Any CPU
		{1237d66e-5b1a-2b48-d811-bf37ad0397fd}.Debug|Any CPU.Build.0 = Debug|Any CPU
		{0bd31c69-7d2a-882b-a311-b7416503b781}.Debug|Any CPU.ActiveCfg = Debug|Any CPU
		{0bd31c69-7d2a-882b-a311-b7416503b781}.Debug|Any CPU.Build.0 = Debug|Any CPU
		{05792ffc-8d73-d088-8da6-c03b86db2e26}.Debug|Any CPU.ActiveCfg = Debug|Any CPU
		{05792ffc-8d73-d088-8da6-c03b86db2e26}.Debug|Any CPU.Build.0 = Debug|Any CPU
		{cf4049ab-5347-d029-ba67-5b65a5145896}.Debug|Any CPU.ActiveCfg = Debug|Any CPU
		{cf4049ab-5347-d029-ba67-5b65a5145896}.Debug|Any CPU.Build.0 = Debug|Any CPU
		{78ff5d0c-9c42-ffcd-052d-854d95385ea2}.Debug|Any CPU.ActiveCfg = Debug|Any CPU
		{78ff5d0c-9c42-ffcd-052d-854d95385ea2}.Debug|Any CPU.Build.0 = Debug|Any CPU
		{aa3d1edc-25f9-533c-9d77-c7acf67140c5}.Debug|Any CPU.ActiveCfg = Debug|Any CPU
		{aa3d1edc-25f9-533c-9d77-c7acf67140c5}.Debug|Any CPU.Build.0 = Debug|Any CPU
		{5c570d9a-2ea3-57fc-d1af-58c316fb492a}.Debug|Any CPU.ActiveCfg = Debug|Any CPU
		{5c570d9a-2ea3-57fc-d1af-58c316fb492a}.Debug|Any CPU.Build.0 = Debug|Any CPU
		{7284b708-e71e-73b6-bf8e-a55722a84af7}.Debug|Any CPU.ActiveCfg = Debug|Any CPU
		{7284b708-e71e-73b6-bf8e-a55722a84af7}.Debug|Any CPU.Build.0 = Debug|Any CPU
		{340b4339-091f-5ffa-192d-305de3f60e41}.Debug|Any CPU.ActiveCfg = Debug|Any CPU
		{340b4339-091f-5ffa-192d-305de3f60e41}.Debug|Any CPU.Build.0 = Debug|Any CPU
		{6c334cdc-6a9e-e277-0b13-39819c6a3e56}.Debug|Any CPU.ActiveCfg = Debug|Any CPU
		{6c334cdc-6a9e-e277-0b13-39819c6a3e56}.Debug|Any CPU.Build.0 = Debug|Any CPU
		{1ff014d7-e9ff-73a7-cf85-9546d68fb05e}.Debug|Any CPU.ActiveCfg = Debug|Any CPU
		{1ff014d7-e9ff-73a7-cf85-9546d68fb05e}.Debug|Any CPU.Build.0 = Debug|Any CPU
		{2ada74bb-92cd-b18c-627a-eae5246dc560}.Debug|Any CPU.ActiveCfg = Debug|Any CPU
		{2ada74bb-92cd-b18c-627a-eae5246dc560}.Debug|Any CPU.Build.0 = Debug|Any CPU
		{342b73e4-657e-c3fb-b426-d2550d3906a5}.Debug|Any CPU.ActiveCfg = Debug|Any CPU
		{342b73e4-657e-c3fb-b426-d2550d3906a5}.Debug|Any CPU.Build.0 = Debug|Any CPU
		{2441346d-8e73-bcc6-e652-b46ced01c687}.Debug|Any CPU.ActiveCfg = Debug|Any CPU
		{2441346d-8e73-bcc6-e652-b46ced01c687}.Debug|Any CPU.Build.0 = Debug|Any CPU
		{56eef625-5b2d-42dc-b0a0-ab12bdfb60b3}.Debug|Any CPU.ActiveCfg = Debug|Any CPU
		{56eef625-5b2d-42dc-b0a0-ab12bdfb60b3}.Debug|Any CPU.Build.0 = Debug|Any CPU
		{6aefdc85-4ade-5452-c4f0-dad47683110c}.Debug|Any CPU.ActiveCfg = Debug|Any CPU
		{6aefdc85-4ade-5452-c4f0-dad47683110c}.Debug|Any CPU.Build.0 = Debug|Any CPU
		{0c420b07-366e-23b8-a3b5-1537166301f6}.Debug|Any CPU.ActiveCfg = Debug|Any CPU
		{0c420b07-366e-23b8-a3b5-1537166301f6}.Debug|Any CPU.Build.0 = Debug|Any CPU
		{51a52ab0-a085-882e-668d-7da086085c77}.Debug|Any CPU.ActiveCfg = Debug|Any CPU
		{51a52ab0-a085-882e-668d-7da086085c77}.Debug|Any CPU.Build.0 = Debug|Any CPU
		{e22a118a-7838-84f5-8eef-cfc9c8362ca2}.Debug|Any CPU.ActiveCfg = Debug|Any CPU
		{e22a118a-7838-84f5-8eef-cfc9c8362ca2}.Debug|Any CPU.Build.0 = Debug|Any CPU
		{6c25babe-002d-57fb-8efb-5a30ec483371}.Debug|Any CPU.ActiveCfg = Debug|Any CPU
		{6c25babe-002d-57fb-8efb-5a30ec483371}.Debug|Any CPU.Build.0 = Debug|Any CPU
		{3655b3ca-4719-8be8-c9a0-b1e30c07a19b}.Debug|Any CPU.ActiveCfg = Debug|Any CPU
		{3655b3ca-4719-8be8-c9a0-b1e30c07a19b}.Debug|Any CPU.Build.0 = Debug|Any CPU
		{96128889-0cdb-0c84-2606-e751455cc3b7}.Debug|Any CPU.ActiveCfg = Debug|Any CPU
		{96128889-0cdb-0c84-2606-e751455cc3b7}.Debug|Any CPU.Build.0 = Debug|Any CPU
		{a67f0381-2c20-f495-6d1d-ec301a9d33fd}.Debug|Any CPU.ActiveCfg = Debug|Any CPU
		{a67f0381-2c20-f495-6d1d-ec301a9d33fd}.Debug|Any CPU.Build.0 = Debug|Any CPU
		{77db99e4-d906-3efa-f2fc-f1f001ac4106}.Debug|Any CPU.ActiveCfg = Debug|Any CPU
		{77db99e4-d906-3efa-f2fc-f1f001ac4106}.Debug|Any CPU.Build.0 = Debug|Any CPU
		{7f02c532-2749-56f2-458e-500824f3602b}.Debug|Any CPU.ActiveCfg = Debug|Any CPU
		{7f02c532-2749-56f2-458e-500824f3602b}.Debug|Any CPU.Build.0 = Debug|Any CPU
		{2bc13ae5-c50b-0843-a15f-60c2bd61d86d}.Debug|Any CPU.ActiveCfg = Debug|Any CPU
		{2bc13ae5-c50b-0843-a15f-60c2bd61d86d}.Debug|Any CPU.Build.0 = Debug|Any CPU
		{501c0741-19c3-6cb8-e6d9-95566f7bae4d}.Debug|Any CPU.ActiveCfg = Debug|Any CPU
		{501c0741-19c3-6cb8-e6d9-95566f7bae4d}.Debug|Any CPU.Build.0 = Debug|Any CPU
		{c483a7cf-4769-5f48-4ca5-a674afffca7d}.Debug|Any CPU.ActiveCfg = Debug|Any CPU
		{c483a7cf-4769-5f48-4ca5-a674afffca7d}.Debug|Any CPU.Build.0 = Debug|Any CPU
		{daac5859-184f-fe44-32f2-6945313e416b}.Debug|Any CPU.ActiveCfg = Debug|Any CPU
		{daac5859-184f-fe44-32f2-6945313e416b}.Debug|Any CPU.Build.0 = Debug|Any CPU
		{437f24ae-89f8-6205-7fa0-5bd3b6c42fdf}.Debug|Any CPU.ActiveCfg = Debug|Any CPU
		{437f24ae-89f8-6205-7fa0-5bd3b6c42fdf}.Debug|Any CPU.Build.0 = Debug|Any CPU
		{f61336a1-365b-0b9d-b5c1-b2191da1990f}.Debug|Any CPU.ActiveCfg = Debug|Any CPU
		{f61336a1-365b-0b9d-b5c1-b2191da1990f}.Debug|Any CPU.Build.0 = Debug|Any CPU
		{dcb2c691-f439-d013-77d3-59619a5d1e7b}.Debug|Any CPU.ActiveCfg = Debug|Any CPU
		{dcb2c691-f439-d013-77d3-59619a5d1e7b}.Debug|Any CPU.Build.0 = Debug|Any CPU
		{9becf038-abde-2cb7-bb9d-f12c18947ac7}.Debug|Any CPU.ActiveCfg = Debug|Any CPU
		{9becf038-abde-2cb7-bb9d-f12c18947ac7}.Debug|Any CPU.Build.0 = Debug|Any CPU
		{657b785f-c0f8-2c9a-5b74-22e93c51433a}.Debug|Any CPU.ActiveCfg = Debug|Any CPU
		{657b785f-c0f8-2c9a-5b74-22e93c51433a}.Debug|Any CPU.Build.0 = Debug|Any CPU
		{afeb51a3-cad0-9f7a-b82a-684a390d0f77}.Debug|Any CPU.ActiveCfg = Debug|Any CPU
		{afeb51a3-cad0-9f7a-b82a-684a390d0f77}.Debug|Any CPU.Build.0 = Debug|Any CPU
		{cc603894-4eee-efbd-dba1-7e0e0195f227}.Debug|Any CPU.ActiveCfg = Debug|Any CPU
		{cc603894-4eee-efbd-dba1-7e0e0195f227}.Debug|Any CPU.Build.0 = Debug|Any CPU
		{d929a46f-9868-7350-59e9-8a05301f4ac0}.Debug|Any CPU.ActiveCfg = Debug|Any CPU
		{d929a46f-9868-7350-59e9-8a05301f4ac0}.Debug|Any CPU.Build.0 = Debug|Any CPU
		{5e00191e-3850-6da0-add8-54709e913951}.Debug|Any CPU.ActiveCfg = Debug|Any CPU
		{5e00191e-3850-6da0-add8-54709e913951}.Debug|Any CPU.Build.0 = Debug|Any CPU
		{63e505aa-6b09-62e5-168a-b36ed6251bc9}.Debug|Any CPU.ActiveCfg = Debug|Any CPU
		{63e505aa-6b09-62e5-168a-b36ed6251bc9}.Debug|Any CPU.Build.0 = Debug|Any CPU
		{aca47e50-4a9a-47cf-6657-a18bd0ea2149}.Debug|Any CPU.ActiveCfg = Debug|Any CPU
		{aca47e50-4a9a-47cf-6657-a18bd0ea2149}.Debug|Any CPU.Build.0 = Debug|Any CPU
		{7d0bd572-d2be-5007-f1d0-7376f24e30b2}.Debug|Any CPU.ActiveCfg = Debug|Any CPU
		{7d0bd572-d2be-5007-f1d0-7376f24e30b2}.Debug|Any CPU.Build.0 = Debug|Any CPU
		{32256eed-0118-a6cb-08b4-282019bb77b3}.Debug|Any CPU.ActiveCfg = Debug|Any CPU
		{32256eed-0118-a6cb-08b4-282019bb77b3}.Debug|Any CPU.Build.0 = Debug|Any CPU
		{0f4deb0b-1b7f-71b1-c142-2073375dc371}.Debug|Any CPU.ActiveCfg = Debug|Any CPU
		{0f4deb0b-1b7f-71b1-c142-2073375dc371}.Debug|Any CPU.Build.0 = Debug|Any CPU
		{6fd16429-cf64-1fbb-d230-3a5d72dca4ee}.Debug|Any CPU.ActiveCfg = Debug|Any CPU
		{6fd16429-cf64-1fbb-d230-3a5d72dca4ee}.Debug|Any CPU.Build.0 = Debug|Any CPU
		{794743f5-2ffd-78b6-3ebc-d9f3b722fa72}.Debug|Any CPU.ActiveCfg = Debug|Any CPU
		{794743f5-2ffd-78b6-3ebc-d9f3b722fa72}.Debug|Any CPU.Build.0 = Debug|Any CPU
		{021d555a-00eb-c324-4705-a081c810257c}.Debug|Any CPU.ActiveCfg = Debug|Any CPU
		{021d555a-00eb-c324-4705-a081c810257c}.Debug|Any CPU.Build.0 = Debug|Any CPU
		{a585c92a-d283-475b-fc50-7486c388c289}.Debug|Any CPU.ActiveCfg = Debug|Any CPU
		{a585c92a-d283-475b-fc50-7486c388c289}.Debug|Any CPU.Build.0 = Debug|Any CPU
		{fd4ede06-76d8-2d7c-772f-831e8ef6eae7}.Debug|Any CPU.ActiveCfg = Debug|Any CPU
		{fd4ede06-76d8-2d7c-772f-831e8ef6eae7}.Debug|Any CPU.Build.0 = Debug|Any CPU
		{a8a39929-62ec-1c9b-e7f9-607b8c1cd6a0}.Debug|Any CPU.ActiveCfg = Debug|Any CPU
		{a8a39929-62ec-1c9b-e7f9-607b8c1cd6a0}.Debug|Any CPU.Build.0 = Debug|Any CPU
		{6303374f-c051-8fa9-8c77-77e73e103974}.Debug|Any CPU.ActiveCfg = Debug|Any CPU
		{6303374f-c051-8fa9-8c77-77e73e103974}.Debug|Any CPU.Build.0 = Debug|Any CPU
		{38a1353a-57f4-c7c1-e254-5ad82304ebb1}.Debug|Any CPU.ActiveCfg = Debug|Any CPU
		{38a1353a-57f4-c7c1-e254-5ad82304ebb1}.Debug|Any CPU.Build.0 = Debug|Any CPU
		{8187c73d-4d2e-b33d-23a1-67efd7f33eb8}.Debug|Any CPU.ActiveCfg = Debug|Any CPU
		{8187c73d-4d2e-b33d-23a1-67efd7f33eb8}.Debug|Any CPU.Build.0 = Debug|Any CPU
		{5ca7cfb5-aa7d-82d3-7463-37f409779837}.Debug|Any CPU.ActiveCfg = Debug|Any CPU
		{5ca7cfb5-aa7d-82d3-7463-37f409779837}.Debug|Any CPU.Build.0 = Debug|Any CPU
		{53073ccf-2d1f-f1ca-49f8-6e54cd99b5bb}.Debug|Any CPU.ActiveCfg = Debug|Any CPU
		{53073ccf-2d1f-f1ca-49f8-6e54cd99b5bb}.Debug|Any CPU.Build.0 = Debug|Any CPU
		{1214b468-3806-2e4c-11aa-1cc108da50d4}.Debug|Any CPU.ActiveCfg = Debug|Any CPU
		{1214b468-3806-2e4c-11aa-1cc108da50d4}.Debug|Any CPU.Build.0 = Debug|Any CPU
		{be37e2f6-5b31-d6b6-3472-054b757bc027}.Debug|Any CPU.ActiveCfg = Debug|Any CPU
		{be37e2f6-5b31-d6b6-3472-054b757bc027}.Debug|Any CPU.Build.0 = Debug|Any CPU
		{612071d9-6566-4fa2-9c87-da015fa8995d}.Debug|Any CPU.ActiveCfg = Debug|Any CPU
		{612071d9-6566-4fa2-9c87-da015fa8995d}.Debug|Any CPU.Build.0 = Debug|Any CPU
		{a640938f-56c5-a108-cabd-0df6317d58a7}.Debug|Any CPU.ActiveCfg = Debug|Any CPU
		{a640938f-56c5-a108-cabd-0df6317d58a7}.Debug|Any CPU.Build.0 = Debug|Any CPU
		{83d3ee70-73cd-8ea1-6594-e6e108d16161}.Debug|Any CPU.ActiveCfg = Debug|Any CPU
		{83d3ee70-73cd-8ea1-6594-e6e108d16161}.Debug|Any CPU.Build.0 = Debug|Any CPU
		{1d078931-505e-8d74-16d2-4c735651cd5e}.Debug|Any CPU.ActiveCfg = Debug|Any CPU
		{1d078931-505e-8d74-16d2-4c735651cd5e}.Debug|Any CPU.Build.0 = Debug|Any CPU
		{c391a8ca-039f-fbda-29cc-43ef682b1fb7}.Debug|Any CPU.ActiveCfg = Debug|Any CPU
		{c391a8ca-039f-fbda-29cc-43ef682b1fb7}.Debug|Any CPU.Build.0 = Debug|Any CPU
		{8d655721-772d-2b3d-f288-4d4e9e75fd48}.Debug|Any CPU.ActiveCfg = Debug|Any CPU
		{8d655721-772d-2b3d-f288-4d4e9e75fd48}.Debug|Any CPU.Build.0 = Debug|Any CPU
		{4cddcca0-9780-1373-4ccd-9c7d0886f226}.Debug|Any CPU.ActiveCfg = Debug|Any CPU
		{4cddcca0-9780-1373-4ccd-9c7d0886f226}.Debug|Any CPU.Build.0 = Debug|Any CPU
		{cef57a6a-0178-cc41-36fd-66eaa1e560fa}.Debug|Any CPU.ActiveCfg = Debug|Any CPU
		{cef57a6a-0178-cc41-36fd-66eaa1e560fa}.Debug|Any CPU.Build.0 = Debug|Any CPU
		{4e53996c-b7c2-1a31-a12f-934150528d92}.Debug|Any CPU.ActiveCfg = Debug|Any CPU
		{4e53996c-b7c2-1a31-a12f-934150528d92}.Debug|Any CPU.Build.0 = Debug|Any CPU
		{7e73b42b-40b6-7c8b-a859-0dfb9f33fd87}.Debug|Any CPU.ActiveCfg = Debug|Any CPU
		{7e73b42b-40b6-7c8b-a859-0dfb9f33fd87}.Debug|Any CPU.Build.0 = Debug|Any CPU
		{35cbe8a4-009b-b8ee-e6bd-859c20568636}.Debug|Any CPU.ActiveCfg = Debug|Any CPU
		{35cbe8a4-009b-b8ee-e6bd-859c20568636}.Debug|Any CPU.Build.0 = Debug|Any CPU
		{164727ed-30ee-52d5-8c88-7fe77b987d15}.Debug|Any CPU.ActiveCfg = Debug|Any CPU
		{164727ed-30ee-52d5-8c88-7fe77b987d15}.Debug|Any CPU.Build.0 = Debug|Any CPU
		{9c4c2bff-e5ed-7694-78ee-241391a9793f}.Debug|Any CPU.ActiveCfg = Debug|Any CPU
		{9c4c2bff-e5ed-7694-78ee-241391a9793f}.Debug|Any CPU.Build.0 = Debug|Any CPU
		{128ad168-3e67-c81c-ae4d-38bf3a913836}.Debug|Any CPU.ActiveCfg = Debug|Any CPU
		{128ad168-3e67-c81c-ae4d-38bf3a913836}.Debug|Any CPU.Build.0 = Debug|Any CPU
		{0d1420d5-3063-c73c-ecbf-076acc1bac3d}.Debug|Any CPU.ActiveCfg = Debug|Any CPU
		{0d1420d5-3063-c73c-ecbf-076acc1bac3d}.Debug|Any CPU.Build.0 = Debug|Any CPU
		{91ba737e-bf92-51ca-cc62-b8974a357dc2}.Debug|Any CPU.ActiveCfg = Debug|Any CPU
		{91ba737e-bf92-51ca-cc62-b8974a357dc2}.Debug|Any CPU.Build.0 = Debug|Any CPU
		{104e5d4f-ae8e-59be-7d44-b8e2383eb431}.Debug|Any CPU.ActiveCfg = Debug|Any CPU
		{104e5d4f-ae8e-59be-7d44-b8e2383eb431}.Debug|Any CPU.Build.0 = Debug|Any CPU
		{5593d487-1e7a-b6e4-e307-9f6b0ca4b704}.Debug|Any CPU.ActiveCfg = Debug|Any CPU
		{5593d487-1e7a-b6e4-e307-9f6b0ca4b704}.Debug|Any CPU.Build.0 = Debug|Any CPU
		{02af5bb6-0e90-38e2-f6d0-ebe8272c3301}.Debug|Any CPU.ActiveCfg = Debug|Any CPU
		{02af5bb6-0e90-38e2-f6d0-ebe8272c3301}.Debug|Any CPU.Build.0 = Debug|Any CPU
		{e7954c49-8759-7c19-1015-8049ac5f025b}.Debug|Any CPU.ActiveCfg = Debug|Any CPU
		{e7954c49-8759-7c19-1015-8049ac5f025b}.Debug|Any CPU.Build.0 = Debug|Any CPU
		{92ffe8f4-4f53-1320-a2dc-cbf21e29afb8}.Debug|Any CPU.ActiveCfg = Debug|Any CPU
		{92ffe8f4-4f53-1320-a2dc-cbf21e29afb8}.Debug|Any CPU.Build.0 = Debug|Any CPU
		{8a5bb990-4880-cc9f-de26-5ea3c517b842}.Debug|Any CPU.ActiveCfg = Debug|Any CPU
		{8a5bb990-4880-cc9f-de26-5ea3c517b842}.Debug|Any CPU.Build.0 = Debug|Any CPU
		{2b7819af-acc1-bf37-eb1e-38571aef3c4f}.Debug|Any CPU.ActiveCfg = Debug|Any CPU
		{2b7819af-acc1-bf37-eb1e-38571aef3c4f}.Debug|Any CPU.Build.0 = Debug|Any CPU
		{464514a5-9c25-5b02-113a-21058a54932b}.Debug|Any CPU.ActiveCfg = Debug|Any CPU
		{464514a5-9c25-5b02-113a-21058a54932b}.Debug|Any CPU.Build.0 = Debug|Any CPU
		{312539d8-698a-fa2f-4e05-9f8a92c8a5f4}.Debug|Any CPU.ActiveCfg = Debug|Any CPU
		{312539d8-698a-fa2f-4e05-9f8a92c8a5f4}.Debug|Any CPU.Build.0 = Debug|Any CPU
		{744f0089-99ae-7f04-bbc4-30005ed50bf8}.Debug|Any CPU.ActiveCfg = Debug|Any CPU
		{744f0089-99ae-7f04-bbc4-30005ed50bf8}.Debug|Any CPU.Build.0 = Debug|Any CPU
	EndGlobalSection
	GlobalSection(SolutionProperties) = preSolution
		HideSolutionNode = FALSE
	EndGlobalSection
EndGlobal
